# Immutable source identities for the guest graphics stack.
LIBHYBRIS_REPO=https://github.com/libhybris/libhybris.git
LIBHYBRIS_COMMIT=7079712a42ea2754adf747e70c6cc75764c8596e
LIBDROID_REPO=https://github.com/droidian/libdroid.git
LIBDROID_COMMIT=87e22ff552e1aed6978757e51cb81eaf159ffd6a
WLROOTS_REPO=https://github.com/droidian/wlroots.git
WLROOTS_COMMIT=e7f6be5105b009a025b033ab696c34b287011156
PHOC_REPO=https://github.com/droidian/phoc.git
PHOC_COMMIT=89e1aa6a5a4ca0d6416104e9e4f322e7dd08cfec
LIBGLIBUTIL_REPO=https://github.com/sailfishos/libglibutil.git
LIBGLIBUTIL_COMMIT=cccc4aa8f1745096f6feb66da7883b35055d9423
LIBGBINDER_REPO=https://github.com/mer-hybris/libgbinder.git
LIBGBINDER_COMMIT=e906afcffbfa51b7fbefe042a13b933d9e8dfdd9
ANDROID_HEADERS_30_URL=https://staging.repo.droidian.org/pool/main/a/android-headers-30/android-headers-30_11.0.0+git20230625193625.7438d90.droidian_all.deb
ANDROID_HEADERS_30_SHA256=200f1fe1367df74e696d7b1ef1ede8d3c91a146ba53701415d1748d3cd00c263
QUICKSHELL_REPO=https://github.com/quickshell-mirror/quickshell.git
QUICKSHELL_COMMIT=59e9c47b0eb48a9e4bcf9631fa062ee939bd2e83
WAYLAND_PROTOCOLS_REPO=https://gitlab.freedesktop.org/wayland/wayland-protocols.git
WAYLAND_PROTOCOLS_COMMIT=afb614d5fcbd02d261a6ae91920aa91cf3915a8a
OMARCHY_REPO=https://github.com/omacom/omarchy.git
OMARCHY_COMMIT=5ead870507dfb68db696b3ddb948cc3d178e8d62
# Touch-gesture plugin, pinned to the Hyprland v0.49.0 revision
# (9958d297) by the plugin author's hyprpm commit table.
HYPRGRASS_REPO=https://github.com/horriblename/hyprgrass.git
HYPRGRASS_COMMIT=51da8d137e042c117fe46a5c019ec38c0de0342a
# Dialog helpers for Hyprland (ANR, permissions, confirmations).
HYPRLAND_QTUTILS_REPO=https://github.com/hyprwm/hyprland-qtutils.git
HYPRLAND_QTUTILS_COMMIT=119bcb9aa742658107b326c50dcd24ab59b309b7
